
Microsoft Visual Studio Solution File, Format Version 11.00
# Visual Studio 2010
Project("{FAE04EC0-301F-11D3-BF4B-00C04F79EFBC}") = "FIRPy.DomainObjects", "FIRPy.DomainObjects\FIRPy.DomainObjects.csproj", "{CC2796F9-A8E2-492B-A357-BD40FA47B3D9}"
EndProject
Project("{FAE04EC0-301F-11D3-BF4B-00C04F79EFBC}") = "FIRPy.ReportEngine", "FIRPy.ReportEngine\FIRPy.ReportEngine.csproj", "{914ED228-A947-4017-B89C-73F2CFA022D3}"
EndProject
Project("{FAE04EC0-301F-11D3-BF4B-00C04F79EFBC}") = "FIRPy.Notifications", "FIRPy.Notifications\FIRPy.Notifications.csproj", "{A54D1B11-C2FC-4018-BCBA-82C99E7E9413}"
EndProject
Project("{FAE04EC0-301F-11D3-BF4B-00C04F79EFBC}") = "FIRPy.FeedAPI", "FIRPy.FeedProviders\FIRPy.FeedAPI.csproj", "{42340BA2-8F08-4ECF-B047-CB46E5616948}"
EndProject
Project("{FAE04EC0-301F-11D3-BF4B-00C04F79EFBC}") = "FIRPy.UnitTests", "FIRPy.UnitTests\FIRPy.UnitTests.csproj", "{80B1A5DB-F7CC-4128-A28C-29B5D83F69BE}"
EndProject
Project("{FAE04EC0-301F-11D3-BF4B-00C04F79EFBC}") = "FIRPy.DataAccess", "FIRPy.DataAccessLayer\FIRPy.DataAccess.csproj", "{5A6EB25D-6540-44B5-8266-3205E3082DD8}"
EndProject
Project("{2150E333-8FDC-42A3-9474-1A3956D46DE8}") = "Assemblies", "Assemblies", "{A9BC5D19-11C2-4F36-9CE8-34AA049292F6}"
	ProjectSection(SolutionItems) = preProject
		Assemblies\System.Data.SQLite.dll = Assemblies\System.Data.SQLite.dll
		Assemblies\System.Data.SQLite.Linq.dll = Assemblies\System.Data.SQLite.Linq.dll
	EndProjectSection
EndProject
Project("{FAE04EC0-301F-11D3-BF4B-00C04F79EFBC}") = "FIRPy.Runner", "FIRPy.Runner\FIRPy.Runner.csproj", "{87824739-4B01-42E9-AF9E-BE7545B13083}"
EndProject
Project("{FAE04EC0-301F-11D3-BF4B-00C04F79EFBC}") = "FIRPy.Indicators", "FIRPy.Indicators\FIRPy.Indicators.csproj", "{294C18CA-844C-4681-8407-43EF14C499C2}"
EndProject
Global
	GlobalSection(TestCaseManagementSettings) = postSolution
		CategoryFile = FIRPy.vsmdi
	EndGlobalSection
	GlobalSection(SolutionConfigurationPlatforms) = preSolution
		Debug|Any CPU = Debug|Any CPU
		Debug|Mixed Platforms = Debug|Mixed Platforms
		Debug|x86 = Debug|x86
		Release|Any CPU = Release|Any CPU
		Release|Mixed Platforms = Release|Mixed Platforms
		Release|x86 = Release|x86
	EndGlobalSection
	GlobalSection(ProjectConfigurationPlatforms) = postSolution
		{CC2796F9-A8E2-492B-A357-BD40FA47B3D9}.Debug|Any CPU.ActiveCfg = Debug|Any CPU
		{CC2796F9-A8E2-492B-A357-BD40FA47B3D9}.Debug|Any CPU.Build.0 = Debug|Any CPU
		{CC2796F9-A8E2-492B-A357-BD40FA47B3D9}.Debug|Mixed Platforms.ActiveCfg = Debug|Any CPU
		{CC2796F9-A8E2-492B-A357-BD40FA47B3D9}.Debug|Mixed Platforms.Build.0 = Debug|Any CPU
		{CC2796F9-A8E2-492B-A357-BD40FA47B3D9}.Debug|x86.ActiveCfg = Debug|Any CPU
		{CC2796F9-A8E2-492B-A357-BD40FA47B3D9}.Release|Any CPU.ActiveCfg = Release|Any CPU
		{CC2796F9-A8E2-492B-A357-BD40FA47B3D9}.Release|Any CPU.Build.0 = Release|Any CPU
		{CC2796F9-A8E2-492B-A357-BD40FA47B3D9}.Release|Mixed Platforms.ActiveCfg = Release|Any CPU
		{CC2796F9-A8E2-492B-A357-BD40FA47B3D9}.Release|Mixed Platforms.Build.0 = Release|Any CPU
		{CC2796F9-A8E2-492B-A357-BD40FA47B3D9}.Release|x86.ActiveCfg = Release|Any CPU
		{914ED228-A947-4017-B89C-73F2CFA022D3}.Debug|Any CPU.ActiveCfg = Debug|Any CPU
		{914ED228-A947-4017-B89C-73F2CFA022D3}.Debug|Any CPU.Build.0 = Debug|Any CPU
		{914ED228-A947-4017-B89C-73F2CFA022D3}.Debug|Mixed Platforms.ActiveCfg = Debug|Any CPU
		{914ED228-A947-4017-B89C-73F2CFA022D3}.Debug|Mixed Platforms.Build.0 = Debug|Any CPU
		{914ED228-A947-4017-B89C-73F2CFA022D3}.Debug|x86.ActiveCfg = Debug|Any CPU
		{914ED228-A947-4017-B89C-73F2CFA022D3}.Release|Any CPU.ActiveCfg = Release|Any CPU
		{914ED228-A947-4017-B89C-73F2CFA022D3}.Release|Any CPU.Build.0 = Release|Any CPU
		{914ED228-A947-4017-B89C-73F2CFA022D3}.Release|Mixed Platforms.ActiveCfg = Release|Any CPU
		{914ED228-A947-4017-B89C-73F2CFA022D3}.Release|Mixed Platforms.Build.0 = Release|Any CPU
		{914ED228-A947-4017-B89C-73F2CFA022D3}.Release|x86.ActiveCfg = Release|Any CPU
		{A54D1B11-C2FC-4018-BCBA-82C99E7E9413}.Debug|Any CPU.ActiveCfg = Debug|Any CPU
		{A54D1B11-C2FC-4018-BCBA-82C99E7E9413}.Debug|Any CPU.Build.0 = Debug|Any CPU
		{A54D1B11-C2FC-4018-BCBA-82C99E7E9413}.Debug|Mixed Platforms.ActiveCfg = Debug|Any CPU
		{A54D1B11-C2FC-4018-BCBA-82C99E7E9413}.Debug|Mixed Platforms.Build.0 = Debug|Any CPU
		{A54D1B11-C2FC-4018-BCBA-82C99E7E9413}.Debug|x86.ActiveCfg = Debug|Any CPU
		{A54D1B11-C2FC-4018-BCBA-82C99E7E9413}.Release|Any CPU.ActiveCfg = Release|Any CPU
		{A54D1B11-C2FC-4018-BCBA-82C99E7E9413}.Release|Any CPU.Build.0 = Release|Any CPU
		{A54D1B11-C2FC-4018-BCBA-82C99E7E9413}.Release|Mixed Platforms.ActiveCfg = Release|Any CPU
		{A54D1B11-C2FC-4018-BCBA-82C99E7E9413}.Release|Mixed Platforms.Build.0 = Release|Any CPU
		{A54D1B11-C2FC-4018-BCBA-82C99E7E9413}.Release|x86.ActiveCfg = Release|Any CPU
		{42340BA2-8F08-4ECF-B047-CB46E5616948}.Debug|Any CPU.ActiveCfg = Debug|Any CPU
		{42340BA2-8F08-4ECF-B047-CB46E5616948}.Debug|Any CPU.Build.0 = Debug|Any CPU
		{42340BA2-8F08-4ECF-B047-CB46E5616948}.Debug|Mixed Platforms.ActiveCfg = Debug|Any CPU
		{42340BA2-8F08-4ECF-B047-CB46E5616948}.Debug|Mixed Platforms.Build.0 = Debug|Any CPU
		{42340BA2-8F08-4ECF-B047-CB46E5616948}.Debug|x86.ActiveCfg = Debug|Any CPU
		{42340BA2-8F08-4ECF-B047-CB46E5616948}.Release|Any CPU.ActiveCfg = Release|Any CPU
		{42340BA2-8F08-4ECF-B047-CB46E5616948}.Release|Any CPU.Build.0 = Release|Any CPU
		{42340BA2-8F08-4ECF-B047-CB46E5616948}.Release|Mixed Platforms.ActiveCfg = Release|Any CPU
		{42340BA2-8F08-4ECF-B047-CB46E5616948}.Release|Mixed Platforms.Build.0 = Release|Any CPU
		{42340BA2-8F08-4ECF-B047-CB46E5616948}.Release|x86.ActiveCfg = Release|Any CPU
		{80B1A5DB-F7CC-4128-A28C-29B5D83F69BE}.Debug|Any CPU.ActiveCfg = Debug|Any CPU
		{80B1A5DB-F7CC-4128-A28C-29B5D83F69BE}.Debug|Any CPU.Build.0 = Debug|Any CPU
		{80B1A5DB-F7CC-4128-A28C-29B5D83F69BE}.Debug|Mixed Platforms.ActiveCfg = Debug|Any CPU
		{80B1A5DB-F7CC-4128-A28C-29B5D83F69BE}.Debug|Mixed Platforms.Build.0 = Debug|Any CPU
		{80B1A5DB-F7CC-4128-A28C-29B5D83F69BE}.Debug|x86.ActiveCfg = Debug|Any CPU
		{80B1A5DB-F7CC-4128-A28C-29B5D83F69BE}.Release|Any CPU.ActiveCfg = Release|Any CPU
		{80B1A5DB-F7CC-4128-A28C-29B5D83F69BE}.Release|Any CPU.Build.0 = Release|Any CPU
		{80B1A5DB-F7CC-4128-A28C-29B5D83F69BE}.Release|Mixed Platforms.ActiveCfg = Release|Any CPU
		{80B1A5DB-F7CC-4128-A28C-29B5D83F69BE}.Release|Mixed Platforms.Build.0 = Release|Any CPU
		{80B1A5DB-F7CC-4128-A28C-29B5D83F69BE}.Release|x86.ActiveCfg = Release|Any CPU
		{5A6EB25D-6540-44B5-8266-3205E3082DD8}.Debug|Any CPU.ActiveCfg = Debug|Any CPU
		{5A6EB25D-6540-44B5-8266-3205E3082DD8}.Debug|Any CPU.Build.0 = Debug|Any CPU
		{5A6EB25D-6540-44B5-8266-3205E3082DD8}.Debug|Mixed Platforms.ActiveCfg = Debug|Any CPU
		{5A6EB25D-6540-44B5-8266-3205E3082DD8}.Debug|Mixed Platforms.Build.0 = Debug|Any CPU
		{5A6EB25D-6540-44B5-8266-3205E3082DD8}.Debug|x86.ActiveCfg = Debug|Any CPU
		{5A6EB25D-6540-44B5-8266-3205E3082DD8}.Release|Any CPU.ActiveCfg = Release|Any CPU
		{5A6EB25D-6540-44B5-8266-3205E3082DD8}.Release|Any CPU.Build.0 = Release|Any CPU
		{5A6EB25D-6540-44B5-8266-3205E3082DD8}.Release|Mixed Platforms.ActiveCfg = Release|Any CPU
		{5A6EB25D-6540-44B5-8266-3205E3082DD8}.Release|Mixed Platforms.Build.0 = Release|Any CPU
		{5A6EB25D-6540-44B5-8266-3205E3082DD8}.Release|x86.ActiveCfg = Release|Any CPU
		{87824739-4B01-42E9-AF9E-BE7545B13083}.Debug|Any CPU.ActiveCfg = Debug|x86
		{87824739-4B01-42E9-AF9E-BE7545B13083}.Debug|Mixed Platforms.ActiveCfg = Debug|x86
		{87824739-4B01-42E9-AF9E-BE7545B13083}.Debug|Mixed Platforms.Build.0 = Debug|x86
		{87824739-4B01-42E9-AF9E-BE7545B13083}.Debug|x86.ActiveCfg = Debug|x86
		{87824739-4B01-42E9-AF9E-BE7545B13083}.Debug|x86.Build.0 = Debug|x86
		{87824739-4B01-42E9-AF9E-BE7545B13083}.Release|Any CPU.ActiveCfg = Release|x86
		{87824739-4B01-42E9-AF9E-BE7545B13083}.Release|Mixed Platforms.ActiveCfg = Release|x86
		{87824739-4B01-42E9-AF9E-BE7545B13083}.Release|Mixed Platforms.Build.0 = Release|x86
		{87824739-4B01-42E9-AF9E-BE7545B13083}.Release|x86.ActiveCfg = Release|x86
		{87824739-4B01-42E9-AF9E-BE7545B13083}.Release|x86.Build.0 = Release|x86
		{294C18CA-844C-4681-8407-43EF14C499C2}.Debug|Any CPU.ActiveCfg = Debug|Any CPU
		{294C18CA-844C-4681-8407-43EF14C499C2}.Debug|Any CPU.Build.0 = Debug|Any CPU
		{294C18CA-844C-4681-8407-43EF14C499C2}.Debug|Mixed Platforms.ActiveCfg = Debug|Any CPU
		{294C18CA-844C-4681-8407-43EF14C499C2}.Debug|Mixed Platforms.Build.0 = Debug|Any CPU
		{294C18CA-844C-4681-8407-43EF14C499C2}.Debug|x86.ActiveCfg = Debug|Any CPU
		{294C18CA-844C-4681-8407-43EF14C499C2}.Release|Any CPU.ActiveCfg = Release|Any CPU
		{294C18CA-844C-4681-8407-43EF14C499C2}.Release|Any CPU.Build.0 = Release|Any CPU
		{294C18CA-844C-4681-8407-43EF14C499C2}.Release|Mixed Platforms.ActiveCfg = Release|Any CPU
		{294C18CA-844C-4681-8407-43EF14C499C2}.Release|Mixed Platforms.Build.0 = Release|Any CPU
		{294C18CA-844C-4681-8407-43EF14C499C2}.Release|x86.ActiveCfg = Release|Any CPU
	EndGlobalSection
	GlobalSection(SolutionProperties) = preSolution
		HideSolutionNode = FALSE
	EndGlobalSection
EndGlobal
